PODS:
  - KLCategory (1.0.7)
  - KLLeaks (1.0.0)

DEPENDENCIES:
  - KLCategory (from `../`)
  - KLLeaks

SPEC REPOS:
  trunk:
    - KLLeaks

EXTERNAL SOURCES:
  KLCategory:
    :path: "../"

SPEC CHECKSUMS:
  KLCategory: 798467c1804571740439a02cc42b816692c89dd0
  KLLeaks: 2c098234d67353bc2286d4eec6feeff14163136c

PODFILE CHECKSUM: 667ab6309ae3b607bd52111077ef2c194d137a0c

COCOAPODS: 1.8.3
