PODS:
  - KLCategory (1.4.5):
    - KLCategory/Foundation (= 1.4.5)
    - KLCategory/UIKit (= 1.4.5)
  - KLCategory/Foundation (1.4.5)
  - KLCategory/UIKit (1.4.5)
  - KLLeaks (1.0.0)

DEPENDENCIES:
  - KLCategory (from `../`)
  - KLLeaks

SPEC REPOS:
  trunk:
    - KLLeaks

EXTERNAL SOURCES:
  KLCategory:
    :path: "../"

SPEC CHECKSUMS:
  KLCategory: f5c457b694f3bd031100f794a0ed5c166151b702
  KLLeaks: 2c098234d67353bc2286d4eec6feeff14163136c

PODFILE CHECKSUM: 815e500e9b33174ba15cebba42a09458c6ddf69b

COCOAPODS: 1.9.1
